
Microsoft Visual Studio Solution File, Format Version 12.00
# Visual Studio Version 17
VisualStudioVersion = 17.3.32819.101
MinimumVisualStudioVersion = 10.0.40219.1
Project("{8BC9CEB8-8B4A-11D0-8D11-00A0C91BC942}") = "STL", "STL\STL.vcxproj", "{A7E9DA89-0B3D-4763-A8CA-9CAEB4944D05}"
EndProject
Project("{8BC9CEB8-8B4A-11D0-8D11-00A0C91BC942}") = "MyExceptions", "MyExceptions\MyExceptions.vcxproj", "{75FB81F8-0D87-4300-915C-2D34277EB0F1}"
EndProject
Global
	GlobalSection(SolutionConfigurationPlatforms) = preSolution
		Debug|x64 = Debug|x64
		Debug|x86 = Debug|x86
		Release|x64 = Release|x64
		Release|x86 = Release|x86
	EndGlobalSection
	GlobalSection(ProjectConfigurationPlatforms) = postSolution
		{A7E9DA89-0B3D-4763-A8CA-9CAEB4944D05}.Debug|x64.ActiveCfg = Debug|x64
		{A7E9DA89-0B3D-4763-A8CA-9CAEB4944D05}.Debug|x64.Build.0 = Debug|x64
		{A7E9DA89-0B3D-4763-A8CA-9CAEB4944D05}.Debug|x86.ActiveCfg = Debug|Win32
		{A7E9DA89-0B3D-4763-A8CA-9CAEB4944D05}.Debug|x86.Build.0 = Debug|Win32
		{A7E9DA89-0B3D-4763-A8CA-9CAEB4944D05}.Release|x64.ActiveCfg = Release|x64
		{A7E9DA89-0B3D-4763-A8CA-9CAEB4944D05}.Release|x64.Build.0 = Release|x64
		{A7E9DA89-0B3D-4763-A8CA-9CAEB4944D05}.Release|x86.ActiveCfg = Release|Win32
		{A7E9DA89-0B3D-4763-A8CA-9CAEB4944D05}.Release|x86.Build.0 = Release|Win32
		{75FB81F8-0D87-4300-915C-2D34277EB0F1}.Debug|x64.ActiveCfg = Debug|x64
		{75FB81F8-0D87-4300-915C-2D34277EB0F1}.Debug|x64.Build.0 = Debug|x64
		{75FB81F8-0D87-4300-915C-2D34277EB0F1}.Debug|x86.ActiveCfg = Debug|Win32
		{75FB81F8-0D87-4300-915C-2D34277EB0F1}.Debug|x86.Build.0 = Debug|Win32
		{75FB81F8-0D87-4300-915C-2D34277EB0F1}.Release|x64.ActiveCfg = Release|x64
		{75FB81F8-0D87-4300-915C-2D34277EB0F1}.Release|x64.Build.0 = Release|x64
		{75FB81F8-0D87-4300-915C-2D34277EB0F1}.Release|x86.ActiveCfg = Release|Win32
		{75FB81F8-0D87-4300-915C-2D34277EB0F1}.Release|x86.Build.0 = Release|Win32
	EndGlobalSection
	GlobalSection(SolutionProperties) = preSolution
		HideSolutionNode = FALSE
	EndGlobalSection
	GlobalSection(ExtensibilityGlobals) = postSolution
		SolutionGuid = {5FBD674C-FD29-43E0-98E3-A70DC9415FEA}
	EndGlobalSection
EndGlobal
